{
  "name": "PrototypeFigure",
  "version": "1.0.0",
  "lockfileVersion": 1,
  "requires": true,
  "dependencies": {
    "layui-src": {
      "version": "2.5.7",
      "resolved": "https://registry.npm.taobao.org/layui-src/download/layui-src-2.5.7.tgz",
      "integrity": "sha1-LEfMDboIuzW+YGLwasHWNv4xSu8="
    },
    "vue": {
      "version": "2.6.12",
      "resolved": "https://registry.npm.taobao.org/vue/download/vue-2.6.12.tgz",
      "integrity": "sha1-9evU+mvShpQD4pqJau1JBEVskSM="
    }
  }
}
